
Microsoft Visual Studio Solution File, Format Version 12.00
# Visual Studio 15
VisualStudioVersion = 15.0.26124.0
MinimumVisualStudioVersion = 15.0.26124.0
Project("{FAE04EC0-301F-11D3-BF4B-00C04F79EFBC}") = "CaWorkshop.WebUI", "CaWorkshop.WebUI\CaWorkshop.WebUI.csproj", "{CAFA1CCC-ED69-451E-8B8E-E060B69B687D}"
EndProject
Project("{FAE04EC0-301F-11D3-BF4B-00C04F79EFBC}") = "CaWorkshop.Domain", "CaWorkshop.Domain\CaWorkshop.Domain.csproj", "{F68E3157-DE27-40AF-82AB-E127DBAD7032}"
EndProject
Project("{FAE04EC0-301F-11D3-BF4B-00C04F79EFBC}") = "CaWorkshop.Application", "CaWorkshop.Application\CaWorkshop.Application.csproj", "{F7E828D4-E070-4468-91AC-27E567918BD9}"
EndProject
Project("{FAE04EC0-301F-11D3-BF4B-00C04F79EFBC}") = "CaWorkshop.Infrastructure", "CaWorkshop.Infrastructure\CaWorkshop.Infrastructure.csproj", "{AEC0914C-E343-42F9-A89B-A7973D306D5C}"
EndProject
Project("{FAE04EC0-301F-11D3-BF4B-00C04F79EFBC}") = "CaWorkshop.Application.UnitTests", "CaWorkshop.Application.UnitTests\CaWorkshop.Application.UnitTests.csproj", "{E20BF9C7-77D1-46EF-BCE9-0A895AB83503}"
EndProject
Global
	GlobalSection(SolutionConfigurationPlatforms) = preSolution
		Debug|Any CPU = Debug|Any CPU
		Debug|x64 = Debug|x64
		Debug|x86 = Debug|x86
		Release|Any CPU = Release|Any CPU
		Release|x64 = Release|x64
		Release|x86 = Release|x86
	EndGlobalSection
	GlobalSection(SolutionProperties) = preSolution
		HideSolutionNode = FALSE
	EndGlobalSection
	GlobalSection(ProjectConfigurationPlatforms) = postSolution
		{CAFA1CCC-ED69-451E-8B8E-E060B69B687D}.Debug|Any CPU.ActiveCfg = Debug|Any CPU
		{CAFA1CCC-ED69-451E-8B8E-E060B69B687D}.Debug|Any CPU.Build.0 = Debug|Any CPU
		{CAFA1CCC-ED69-451E-8B8E-E060B69B687D}.Debug|x64.ActiveCfg = Debug|Any CPU
		{CAFA1CCC-ED69-451E-8B8E-E060B69B687D}.Debug|x64.Build.0 = Debug|Any CPU
		{CAFA1CCC-ED69-451E-8B8E-E060B69B687D}.Debug|x86.ActiveCfg = Debug|Any CPU
		{CAFA1CCC-ED69-451E-8B8E-E060B69B687D}.Debug|x86.Build.0 = Debug|Any CPU
		{CAFA1CCC-ED69-451E-8B8E-E060B69B687D}.Release|Any CPU.ActiveCfg = Release|Any CPU
		{CAFA1CCC-ED69-451E-8B8E-E060B69B687D}.Release|Any CPU.Build.0 = Release|Any CPU
		{CAFA1CCC-ED69-451E-8B8E-E060B69B687D}.Release|x64.ActiveCfg = Release|Any CPU
		{CAFA1CCC-ED69-451E-8B8E-E060B69B687D}.Release|x64.Build.0 = Release|Any CPU
		{CAFA1CCC-ED69-451E-8B8E-E060B69B687D}.Release|x86.ActiveCfg = Release|Any CPU
		{CAFA1CCC-ED69-451E-8B8E-E060B69B687D}.Release|x86.Build.0 = Release|Any CPU
		{F68E3157-DE27-40AF-82AB-E127DBAD7032}.Debug|Any CPU.ActiveCfg = Debug|Any CPU
		{F68E3157-DE27-40AF-82AB-E127DBAD7032}.Debug|Any CPU.Build.0 = Debug|Any CPU
		{F68E3157-DE27-40AF-82AB-E127DBAD7032}.Debug|x64.ActiveCfg = Debug|Any CPU
		{F68E3157-DE27-40AF-82AB-E127DBAD7032}.Debug|x64.Build.0 = Debug|Any CPU
		{F68E3157-DE27-40AF-82AB-E127DBAD7032}.Debug|x86.ActiveCfg = Debug|Any CPU
		{F68E3157-DE27-40AF-82AB-E127DBAD7032}.Debug|x86.Build.0 = Debug|Any CPU
		{F68E3157-DE27-40AF-82AB-E127DBAD7032}.Release|Any CPU.ActiveCfg = Release|Any CPU
		{F68E3157-DE27-40AF-82AB-E127DBAD7032}.Release|Any CPU.Build.0 = Release|Any CPU
		{F68E3157-DE27-40AF-82AB-E127DBAD7032}.Release|x64.ActiveCfg = Release|Any CPU
		{F68E3157-DE27-40AF-82AB-E127DBAD7032}.Release|x64.Build.0 = Release|Any CPU
		{F68E3157-DE27-40AF-82AB-E127DBAD7032}.Release|x86.ActiveCfg = Release|Any CPU
		{F68E3157-DE27-40AF-82AB-E127DBAD7032}.Release|x86.Build.0 = Release|Any CPU
		{F7E828D4-E070-4468-91AC-27E567918BD9}.Debug|Any CPU.ActiveCfg = Debug|Any CPU
		{F7E828D4-E070-4468-91AC-27E567918BD9}.Debug|Any CPU.Build.0 = Debug|Any CPU
		{F7E828D4-E070-4468-91AC-27E567918BD9}.Debug|x64.ActiveCfg = Debug|Any CPU
		{F7E828D4-E070-4468-91AC-27E567918BD9}.Debug|x64.Build.0 = Debug|Any CPU
		{F7E828D4-E070-4468-91AC-27E567918BD9}.Debug|x86.ActiveCfg = Debug|Any CPU
		{F7E828D4-E070-4468-91AC-27E567918BD9}.Debug|x86.Build.0 = Debug|Any CPU
		{F7E828D4-E070-4468-91AC-27E567918BD9}.Release|Any CPU.ActiveCfg = Release|Any CPU
		{F7E828D4-E070-4468-91AC-27E567918BD9}.Release|Any CPU.Build.0 = Release|Any CPU
		{F7E828D4-E070-4468-91AC-27E567918BD9}.Release|x64.ActiveCfg = Release|Any CPU
		{F7E828D4-E070-4468-91AC-27E567918BD9}.Release|x64.Build.0 = Release|Any CPU
		{F7E828D4-E070-4468-91AC-27E567918BD9}.Release|x86.ActiveCfg = Release|Any CPU
		{F7E828D4-E070-4468-91AC-27E567918BD9}.Release|x86.Build.0 = Release|Any CPU
		{AEC0914C-E343-42F9-A89B-A7973D306D5C}.Debug|Any CPU.ActiveCfg = Debug|Any CPU
		{AEC0914C-E343-42F9-A89B-A7973D306D5C}.Debug|Any CPU.Build.0 = Debug|Any CPU
		{AEC0914C-E343-42F9-A89B-A7973D306D5C}.Debug|x64.ActiveCfg = Debug|Any CPU
		{AEC0914C-E343-42F9-A89B-A7973D306D5C}.Debug|x64.Build.0 = Debug|Any CPU
		{AEC0914C-E343-42F9-A89B-A7973D306D5C}.Debug|x86.ActiveCfg = Debug|Any CPU
		{AEC0914C-E343-42F9-A89B-A7973D306D5C}.Debug|x86.Build.0 = Debug|Any CPU
		{AEC0914C-E343-42F9-A89B-A7973D306D5C}.Release|Any CPU.ActiveCfg = Release|Any CPU
		{AEC0914C-E343-42F9-A89B-A7973D306D5C}.Release|Any CPU.Build.0 = Release|Any CPU
		{AEC0914C-E343-42F9-A89B-A7973D306D5C}.Release|x64.ActiveCfg = Release|Any CPU
		{AEC0914C-E343-42F9-A89B-A7973D306D5C}.Release|x64.Build.0 = Release|Any CPU
		{AEC0914C-E343-42F9-A89B-A7973D306D5C}.Release|x86.ActiveCfg = Release|Any CPU
		{AEC0914C-E343-42F9-A89B-A7973D306D5C}.Release|x86.Build.0 = Release|Any CPU
		{E20BF9C7-77D1-46EF-BCE9-0A895AB83503}.Debug|Any CPU.ActiveCfg = Debug|Any CPU
		{E20BF9C7-77D1-46EF-BCE9-0A895AB83503}.Debug|Any CPU.Build.0 = Debug|Any CPU
		{E20BF9C7-77D1-46EF-BCE9-0A895AB83503}.Debug|x64.ActiveCfg = Debug|Any CPU
		{E20BF9C7-77D1-46EF-BCE9-0A895AB83503}.Debug|x64.Build.0 = Debug|Any CPU
		{E20BF9C7-77D1-46EF-BCE9-0A895AB83503}.Debug|x86.ActiveCfg = Debug|Any CPU
		{E20BF9C7-77D1-46EF-BCE9-0A895AB83503}.Debug|x86.Build.0 = Debug|Any CPU
		{E20BF9C7-77D1-46EF-BCE9-0A895AB83503}.Release|Any CPU.ActiveCfg = Release|Any CPU
		{E20BF9C7-77D1-46EF-BCE9-0A895AB83503}.Release|Any CPU.Build.0 = Release|Any CPU
		{E20BF9C7-77D1-46EF-BCE9-0A895AB83503}.Release|x64.ActiveCfg = Release|Any CPU
		{E20BF9C7-77D1-46EF-BCE9-0A895AB83503}.Release|x64.Build.0 = Release|Any CPU
		{E20BF9C7-77D1-46EF-BCE9-0A895AB83503}.Release|x86.ActiveCfg = Release|Any CPU
		{E20BF9C7-77D1-46EF-BCE9-0A895AB83503}.Release|x86.Build.0 = Release|Any CPU
	EndGlobalSection
EndGlobal
